
Microsoft Visual Studio Solution File, Format Version 12.00
# Visual Studio 2012
Project("{FAE04EC0-301F-11D3-BF4B-00C04F79EFBC}") = "DealsWhat Admin", "DealsWhat Admin\DealsWhat Admin.csproj", "{8DFB779F-90DD-4F4A-99EB-2AA71C0390C2}"
EndProject
Global
	GlobalSection(SolutionConfigurationPlatforms) = preSolution
		Debug|Any CPU = Debug|Any CPU
		Production|Any CPU = Production|Any CPU
		Release|Any CPU = Release|Any CPU
	EndGlobalSection
	GlobalSection(ProjectConfigurationPlatforms) = postSolution
		{8DFB779F-90DD-4F4A-99EB-2AA71C0390C2}.Debug|Any CPU.ActiveCfg = Debug|Any CPU
		{8DFB779F-90DD-4F4A-99EB-2AA71C0390C2}.Debug|Any CPU.Build.0 = Debug|Any CPU
		{8DFB779F-90DD-4F4A-99EB-2AA71C0390C2}.Production|Any CPU.ActiveCfg = Production|Any CPU
		{8DFB779F-90DD-4F4A-99EB-2AA71C0390C2}.Production|Any CPU.Build.0 = Production|Any CPU
		{8DFB779F-90DD-4F4A-99EB-2AA71C0390C2}.Release|Any CPU.ActiveCfg = Release|Any CPU
		{8DFB779F-90DD-4F4A-99EB-2AA71C0390C2}.Release|Any CPU.Build.0 = Release|Any CPU
	EndGlobalSection
	GlobalSection(SolutionProperties) = preSolution
		HideSolutionNode = FALSE
	EndGlobalSection
EndGlobal
